
Microsoft Visual Studio Solution File, Format Version 12.00
# Visual Studio Version 17
VisualStudioVersion = 17.0.32126.317
MinimumVisualStudioVersion = 10.0.40219.1
Project("{9A19103F-16F7-4668-BE54-9A1E7A4F7556}") = "Factory Method", "Factory Method\Factory Method.csproj", "{6323BEE4-9C29-4C2C-916A-64B3B9B7D7E1}"
EndProject
Project("{2150E333-8FDC-42A3-9474-1A3956D46DE8}") = "1. Creational", "1. Creational", "{20C905E0-5AB9-48D4-8338-2D68613B168B}"
EndProject
Project("{2150E333-8FDC-42A3-9474-1A3956D46DE8}") = "3. Behavioral", "3. Behavioral", "{DF5AB565-19E7-4A81-B94C-54C8D7D80059}"
EndProject
Project("{2150E333-8FDC-42A3-9474-1A3956D46DE8}") = "2. Structural", "2. Structural", "{02243948-956D-4AE3-AADF-AF3F1F5467A9}"
EndProject
Project("{FAE04EC0-301F-11D3-BF4B-00C04F79EFBC}") = "Abstract Factory", "Abstract Factory\Abstract Factory.csproj", "{E718D2EA-41F5-416F-9A46-8090E09A5CD9}"
EndProject
Global
	GlobalSection(SolutionConfigurationPlatforms) = preSolution
		Debug|Any CPU = Debug|Any CPU
		Release|Any CPU = Release|Any CPU
	EndGlobalSection
	GlobalSection(ProjectConfigurationPlatforms) = postSolution
		{6323BEE4-9C29-4C2C-916A-64B3B9B7D7E1}.Debug|Any CPU.ActiveCfg = Debug|Any CPU
		{6323BEE4-9C29-4C2C-916A-64B3B9B7D7E1}.Debug|Any CPU.Build.0 = Debug|Any CPU
		{6323BEE4-9C29-4C2C-916A-64B3B9B7D7E1}.Release|Any CPU.ActiveCfg = Release|Any CPU
		{6323BEE4-9C29-4C2C-916A-64B3B9B7D7E1}.Release|Any CPU.Build.0 = Release|Any CPU
		{E718D2EA-41F5-416F-9A46-8090E09A5CD9}.Debug|Any CPU.ActiveCfg = Debug|Any CPU
		{E718D2EA-41F5-416F-9A46-8090E09A5CD9}.Debug|Any CPU.Build.0 = Debug|Any CPU
		{E718D2EA-41F5-416F-9A46-8090E09A5CD9}.Release|Any CPU.ActiveCfg = Release|Any CPU
		{E718D2EA-41F5-416F-9A46-8090E09A5CD9}.Release|Any CPU.Build.0 = Release|Any CPU
	EndGlobalSection
	GlobalSection(SolutionProperties) = preSolution
		HideSolutionNode = FALSE
	EndGlobalSection
	GlobalSection(NestedProjects) = preSolution
		{6323BEE4-9C29-4C2C-916A-64B3B9B7D7E1} = {20C905E0-5AB9-48D4-8338-2D68613B168B}
		{E718D2EA-41F5-416F-9A46-8090E09A5CD9} = {20C905E0-5AB9-48D4-8338-2D68613B168B}
	EndGlobalSection
	GlobalSection(ExtensibilityGlobals) = postSolution
		SolutionGuid = {043806D6-98C1-4571-8A86-DA6CC2599C05}
	EndGlobalSection
EndGlobal
